
Microsoft Visual Studio Solution File, Format Version 12.00
# Visual Studio Version 16
VisualStudioVersion = 16.0.30717.126
MinimumVisualStudioVersion = 10.0.40219.1
Project("{FAE04EC0-301F-11D3-BF4B-00C04F79EFBC}") = "Nasa", "Nasa\Nasa.csproj", "{FF9DC620-40FB-4030-BA55-C6A51E75A752}"
EndProject
Global
	GlobalSection(SolutionConfigurationPlatforms) = preSolution
		Debug|Any CPU = Debug|Any CPU
		Release|Any CPU = Release|Any CPU
	EndGlobalSection
	GlobalSection(ProjectConfigurationPlatforms) = postSolution
		{FF9DC620-40FB-4030-BA55-C6A51E75A752}.Debug|Any CPU.ActiveCfg = Debug|Any CPU
		{FF9DC620-40FB-4030-BA55-C6A51E75A752}.Debug|Any CPU.Build.0 = Debug|Any CPU
		{FF9DC620-40FB-4030-BA55-C6A51E75A752}.Release|Any CPU.ActiveCfg = Release|Any CPU
		{FF9DC620-40FB-4030-BA55-C6A51E75A752}.Release|Any CPU.Build.0 = Release|Any CPU
	EndGlobalSection
	GlobalSection(SolutionProperties) = preSolution
		HideSolutionNode = FALSE
	EndGlobalSection
	GlobalSection(ExtensibilityGlobals) = postSolution
		SolutionGuid = {886E74E8-83A4-4BD5-A316-45ACC3D8DA47}
	EndGlobalSection
EndGlobal
